
Microsoft Visual Studio Solution File, Format Version 11.00
# Visual Studio 2010
Project("{FAE04EC0-301F-11D3-BF4B-00C04F79EFBC}") = "Get_Played", "Assembly-CSharp.csproj", "{D3BE1C19-AE77-91F9-C3E2-8071BF7C9A42}"
EndProject
Project("{FAE04EC0-301F-11D3-BF4B-00C04F79EFBC}") = "Get_Played", "Assembly-CSharp-Editor.csproj", "{AC0A9253-FA29-11DC-C83F-8482DE3E36FF}"
EndProject
Global
	GlobalSection(SolutionConfigurationPlatforms) = preSolution
		Debug|Any CPU = Debug|Any CPU
		Release|Any CPU = Release|Any CPU
	EndGlobalSection
	GlobalSection(ProjectConfigurationPlatforms) = postSolution
		{D3BE1C19-AE77-91F9-C3E2-8071BF7C9A42}.Debug|Any CPU.ActiveCfg = Debug|Any CPU
		{D3BE1C19-AE77-91F9-C3E2-8071BF7C9A42}.Debug|Any CPU.Build.0 = Debug|Any CPU
		{D3BE1C19-AE77-91F9-C3E2-8071BF7C9A42}.Release|Any CPU.ActiveCfg = Release|Any CPU
		{D3BE1C19-AE77-91F9-C3E2-8071BF7C9A42}.Release|Any CPU.Build.0 = Release|Any CPU
		{AC0A9253-FA29-11DC-C83F-8482DE3E36FF}.Debug|Any CPU.ActiveCfg = Debug|Any CPU
		{AC0A9253-FA29-11DC-C83F-8482DE3E36FF}.Debug|Any CPU.Build.0 = Debug|Any CPU
		{AC0A9253-FA29-11DC-C83F-8482DE3E36FF}.Release|Any CPU.ActiveCfg = Release|Any CPU
		{AC0A9253-FA29-11DC-C83F-8482DE3E36FF}.Release|Any CPU.Build.0 = Release|Any CPU
	EndGlobalSection
	GlobalSection(SolutionProperties) = preSolution
		HideSolutionNode = FALSE
	EndGlobalSection
	GlobalSection(MonoDevelopProperties) = preSolution
		StartupItem = Assembly-CSharp.csproj
	EndGlobalSection
EndGlobal
