
Microsoft Visual Studio Solution File, Format Version 11.00
# Visual Studio 2010
Project("{FAE04EC0-301F-11D3-BF4B-00C04F79EFBC}") = "GetPLayeDUnityV5Xman", "Assembly-CSharp.csproj", "{5E92523B-693A-D848-30EE-1E17DD5304AB}"
EndProject
Project("{FAE04EC0-301F-11D3-BF4B-00C04F79EFBC}") = "GetPLayeDUnityV5Xman", "Assembly-CSharp-Editor.csproj", "{74CFB92B-C7F8-7770-F45A-A28019EEF5A2}"
EndProject
Global
	GlobalSection(SolutionConfigurationPlatforms) = preSolution
		Debug|Any CPU = Debug|Any CPU
		Release|Any CPU = Release|Any CPU
	EndGlobalSection
	GlobalSection(ProjectConfigurationPlatforms) = postSolution
		{5E92523B-693A-D848-30EE-1E17DD5304AB}.Debug|Any CPU.ActiveCfg = Debug|Any CPU
		{5E92523B-693A-D848-30EE-1E17DD5304AB}.Debug|Any CPU.Build.0 = Debug|Any CPU
		{5E92523B-693A-D848-30EE-1E17DD5304AB}.Release|Any CPU.ActiveCfg = Release|Any CPU
		{5E92523B-693A-D848-30EE-1E17DD5304AB}.Release|Any CPU.Build.0 = Release|Any CPU
		{74CFB92B-C7F8-7770-F45A-A28019EEF5A2}.Debug|Any CPU.ActiveCfg = Debug|Any CPU
		{74CFB92B-C7F8-7770-F45A-A28019EEF5A2}.Debug|Any CPU.Build.0 = Debug|Any CPU
		{74CFB92B-C7F8-7770-F45A-A28019EEF5A2}.Release|Any CPU.ActiveCfg = Release|Any CPU
		{74CFB92B-C7F8-7770-F45A-A28019EEF5A2}.Release|Any CPU.Build.0 = Release|Any CPU
	EndGlobalSection
	GlobalSection(SolutionProperties) = preSolution
		HideSolutionNode = FALSE
	EndGlobalSection
	GlobalSection(MonoDevelopProperties) = preSolution
		StartupItem = Assembly-CSharp.csproj
	EndGlobalSection
EndGlobal
