
Microsoft Visual Studio Solution File, Format Version 11.00
# Visual Studio 2010
Project("{FAE04EC0-301F-11D3-BF4B-00C04F79EFBC}") = "GPLD_unity", "Assembly-CSharp.csproj", "{65BB4045-31CA-8412-1280-D0E5B7FF0EBA}"
EndProject
Project("{FAE04EC0-301F-11D3-BF4B-00C04F79EFBC}") = "GPLD_unity", "Assembly-CSharp-Editor.csproj", "{F52774DD-1452-27D7-AC6C-0498B8021F09}"
EndProject
Global
	GlobalSection(SolutionConfigurationPlatforms) = preSolution
		Debug|Any CPU = Debug|Any CPU
		Release|Any CPU = Release|Any CPU
	EndGlobalSection
	GlobalSection(ProjectConfigurationPlatforms) = postSolution
		{65BB4045-31CA-8412-1280-D0E5B7FF0EBA}.Debug|Any CPU.ActiveCfg = Debug|Any CPU
		{65BB4045-31CA-8412-1280-D0E5B7FF0EBA}.Debug|Any CPU.Build.0 = Debug|Any CPU
		{65BB4045-31CA-8412-1280-D0E5B7FF0EBA}.Release|Any CPU.ActiveCfg = Release|Any CPU
		{65BB4045-31CA-8412-1280-D0E5B7FF0EBA}.Release|Any CPU.Build.0 = Release|Any CPU
		{F52774DD-1452-27D7-AC6C-0498B8021F09}.Debug|Any CPU.ActiveCfg = Debug|Any CPU
		{F52774DD-1452-27D7-AC6C-0498B8021F09}.Debug|Any CPU.Build.0 = Debug|Any CPU
		{F52774DD-1452-27D7-AC6C-0498B8021F09}.Release|Any CPU.ActiveCfg = Release|Any CPU
		{F52774DD-1452-27D7-AC6C-0498B8021F09}.Release|Any CPU.Build.0 = Release|Any CPU
	EndGlobalSection
	GlobalSection(SolutionProperties) = preSolution
		HideSolutionNode = FALSE
	EndGlobalSection
	GlobalSection(MonoDevelopProperties) = preSolution
		StartupItem = Assembly-CSharp.csproj
	EndGlobalSection
EndGlobal
